// !$*UTF8*$!
{
	archiveVersion = 1;
	classes = {
	};
	objectVersion = 56;
	objects = {

/* Begin PBXBuildFile section */
		CB8452902A5F573800D78D29 /* MainPageViewController.swift in Sources */ = {isa = PBXBuildFile; fileRef = CB84528F2A5F573800D78D29 /* MainPageViewController.swift */; };
		CB8452922A5F6A3500D78D29 /* HamburgerViewController.swift in Sources */ = {isa = PBXBuildFile; fileRef = CB8452912A5F6A3500D78D29 /* HamburgerViewController.swift */; };
		CBC574E12A8D0E5A00F18DF2 /* AboutMeViewController.swift in Sources */ = {isa = PBXBuildFile; fileRef = CBC574E02A8D0E5900F18DF2 /* AboutMeViewController.swift */; };
		CBC574E32A8D131F00F18DF2 /* GalleryViewController.swift in Sources */ = {isa = PBXBuildFile; fileRef = CBC574E22A8D131F00F18DF2 /* GalleryViewController.swift */; };
		CBC574E72A8D298B00F18DF2 /* ContactMeViewController.swift in Sources */ = {isa = PBXBuildFile; fileRef = CBC574E62A8D298B00F18DF2 /* ContactMeViewController.swift */; };
		CBD6E7A62A54529300C3C602 /* AppDelegate.swift in Sources */ = {isa = PBXBuildFile; fileRef = CBD6E7A52A54529300C3C602 /* AppDelegate.swift */; };
		CBD6E7A82A54529300C3C602 /* SceneDelegate.swift in Sources */ = {isa = PBXBuildFile; fileRef = CBD6E7A72A54529300C3C602 /* SceneDelegate.swift */; };
		CBD6E7AD2A54529300C3C602 /* Main.storyboard in Resources */ = {isa = PBXBuildFile; fileRef = CBD6E7AB2A54529300C3C602 /* Main.storyboard */; };
		CBD6E7B02A54529300C3C602 /* DoeBeauty.xcdatamodeld in Sources */ = {isa = PBXBuildFile; fileRef = CBD6E7AE2A54529300C3C602 /* DoeBeauty.xcdatamodeld */; };
		CBD6E7B22A54529700C3C602 /* Assets.xcassets in Resources */ = {isa = PBXBuildFile; fileRef = CBD6E7B12A54529700C3C602 /* Assets.xcassets */; };
		CBD6E7B52A54529700C3C602 /* LaunchScreen.storyboard in Resources */ = {isa = PBXBuildFile; fileRef = CBD6E7B32A54529700C3C602 /* LaunchScreen.storyboard */; };
		CBD6E7C02A54529700C3C602 /* DoeBeautyTests.swift in Sources */ = {isa = PBXBuildFile; fileRef = CBD6E7BF2A54529700C3C602 /* DoeBeautyTests.swift */; };
		CBD6E7CA2A54529700C3C602 /* DoeBeautyUITests.swift in Sources */ = {isa = PBXBuildFile; fileRef = CBD6E7C92A54529700C3C602 /* DoeBeautyUITests.swift */; };
		CBD6E7CC2A54529700C3C602 /* DoeBeautyUITestsLaunchTests.swift in Sources */ = {isa = PBXBuildFile; fileRef = CBD6E7CB2A54529700C3C602 /* DoeBeautyUITestsLaunchTests.swift */; };
/* End PBXBuildFile section */

/* Begin PBXContainerItemProxy section */
		CBD6E7BC2A54529700C3C602 /* PBXContainerItemProxy */ = {
			isa = PBXContainerItemProxy;
			containerPortal = CBD6E79A2A54529300C3C602 /* Project object */;
			proxyType = 1;
			remoteGlobalIDString = CBD6E7A12A54529300C3C602;
			remoteInfo = DoeBeauty;
		};
		CBD6E7C62A54529700C3C602 /* PBXContainerItemProxy */ = {
			isa = PBXContainerItemProxy;
			containerPortal = CBD6E79A2A54529300C3C602 /* Project object */;
			proxyType = 1;
			remoteGlobalIDString = CBD6E7A12A54529300C3C602;
			remoteInfo = DoeBeauty;
		};
/* End PBXContainerItemProxy section */

/* Begin PBXFileReference section */
		CB84528F2A5F573800D78D29 /* MainPageViewController.swift */ = {isa = PBXFileReference; lastKnownFileType = sourcecode.swift; path = MainPageViewController.swift; sourceTree = "<group>"; };
		CB8452912A5F6A3500D78D29 /* HamburgerViewController.swift */ = {isa = PBXFileReference; lastKnownFileType = sourcecode.swift; path = HamburgerViewController.swift; sourceTree = "<group>"; };
		CBC574E02A8D0E5900F18DF2 /* AboutMeViewController.swift */ = {isa = PBXFileReference; lastKnownFileType = sourcecode.swift; path = AboutMeViewController.swift; sourceTree = "<group>"; };
		CBC574E22A8D131F00F18DF2 /* GalleryViewController.swift */ = {isa = PBXFileReference; lastKnownFileType = sourcecode.swift; path = GalleryViewController.swift; sourceTree = "<group>"; };
		CBC574E62A8D298B00F18DF2 /* ContactMeViewController.swift */ = {isa = PBXFileReference; lastKnownFileType = sourcecode.swift; path = ContactMeViewController.swift; sourceTree = "<group>"; };
		CBD6E7A22A54529300C3C602 /* DoeBeauty.app */ = {isa = PBXFileReference; explicitFileType = wrapper.application; includeInIndex = 0; path = DoeBeauty.app; sourceTree = BUILT_PRODUCTS_DIR; };
		CBD6E7A52A54529300C3C602 /* AppDelegate.swift */ = {isa = PBXFileReference; lastKnownFileType = sourcecode.swift; path = AppDelegate.swift; sourceTree = "<group>"; };
		CBD6E7A72A54529300C3C602 /* SceneDelegate.swift */ = {isa = PBXFileReference; lastKnownFileType = sourcecode.swift; path = SceneDelegate.swift; sourceTree = "<group>"; };
		CBD6E7AC2A54529300C3C602 /* Base */ = {isa = PBXFileReference; lastKnownFileType = file.storyboard; name = Base; path = Base.lproj/Main.storyboard; sourceTree = "<group>"; };
		CBD6E7AF2A54529300C3C602 /* DoeBeauty.xcdatamodel */ = {isa = PBXFileReference; lastKnownFileType = wrapper.xcdatamodel; path = DoeBeauty.xcdatamodel; sourceTree = "<group>"; };
		CBD6E7B12A54529700C3C602 /* Assets.xcassets */ = {isa = PBXFileReference; lastKnownFileType = folder.assetcatalog; path = Assets.xcassets; sourceTree = "<group>"; };
		CBD6E7B42A54529700C3C602 /* Base */ = {isa = PBXFileReference; lastKnownFileType = file.storyboard; name = Base; path = Base.lproj/LaunchScreen.storyboard; sourceTree = "<group>"; };
		CBD6E7B62A54529700C3C602 /* Info.plist */ = {isa = PBXFileReference; lastKnownFileType = text.plist.xml; path = Info.plist; sourceTree = "<group>"; };
		CBD6E7BB2A54529700C3C602 /* DoeBeautyTests.xctest */ = {isa = PBXFileReference; explicitFileType = wrapper.cfbundle; includeInIndex = 0; path = DoeBeautyTests.xctest; sourceTree = BUILT_PRODUCTS_DIR; };
		CBD6E7BF2A54529700C3C602 /* DoeBeautyTests.swift */ = {isa = PBXFileReference; lastKnownFileType = sourcecode.swift; path = DoeBeautyTests.swift; sourceTree = "<group>"; };
		CBD6E7C52A54529700C3C602 /* DoeBeautyUITests.xctest */ = {isa = PBXFileReference; explicitFileType = wrapper.cfbundle; includeInIndex = 0; path = DoeBeautyUITests.xctest; sourceTree = BUILT_PRODUCTS_DIR; };
		CBD6E7C92A54529700C3C602 /* DoeBeautyUITests.swift */ = {isa = PBXFileReference; lastKnownFileType = sourcecode.swift; path = DoeBeautyUITests.swift; sourceTree = "<group>"; };
		CBD6E7CB2A54529700C3C602 /* DoeBeautyUITestsLaunchTests.swift */ = {isa = PBXFileReference; lastKnownFileType = sourcecode.swift; path = DoeBeautyUITestsLaunchTests.swift; sourceTree = "<group>"; };
/* End PBXFileReference section */

/* Begin PBXFrameworksBuildPhase section */
		CBD6E79F2A54529300C3C602 /* Frameworks */ = {
			isa = PBXFrameworksBuildPhase;
			buildActionMask = 2147483647;
			files = (
			);
			runOnlyForDeploymentPostprocessing = 0;
		};
		CBD6E7B82A54529700C3C602 /* Frameworks */ = {
			isa = PBXFrameworksBuildPhase;
			buildActionMask = 2147483647;
			files = (
			);
			runOnlyForDeploymentPostprocessing = 0;
		};
		CBD6E7C22A54529700C3C602 /* Frameworks */ = {
			isa = PBXFrameworksBuildPhase;
			buildActionMask = 2147483647;
			files = (
			);
			runOnlyForDeploymentPostprocessing = 0;
		};
/* End PBXFrameworksBuildPhase section */

/* Begin PBXGroup section */
		CBD6E7992A54529300C3C602 = {
			isa = PBXGroup;
			children = (
				CBD6E7A42A54529300C3C602 /* DoeBeauty */,
				CBD6E7DB2A54531300C3C602 /* SupportingFiles */,
				CBD6E7BE2A54529700C3C602 /* DoeBeautyTests */,
				CBD6E7C82A54529700C3C602 /* DoeBeautyUITests */,
				CBD6E7A32A54529300C3C602 /* Products */,
			);
			sourceTree = "<group>";
		};
		CBD6E7A32A54529300C3C602 /* Products */ = {
			isa = PBXGroup;
			children = (
				CBD6E7A22A54529300C3C602 /* DoeBeauty.app */,
				CBD6E7BB2A54529700C3C602 /* DoeBeautyTests.xctest */,
				CBD6E7C52A54529700C3C602 /* DoeBeautyUITests.xctest */,
			);
			name = Products;
			sourceTree = "<group>";
		};
		CBD6E7A42A54529300C3C602 /* DoeBeauty */ = {
			isa = PBXGroup;
			children = (
				CBD6E7B62A54529700C3C602 /* Info.plist */,
				CBD6E7D82A5452B200C3C602 /* Model */,
				CBD6E7D92A5452C400C3C602 /* View */,
				CBD6E7DA2A5452CE00C3C602 /* Controller */,
			);
			path = DoeBeauty;
			sourceTree = "<group>";
		};
		CBD6E7BE2A54529700C3C602 /* DoeBeautyTests */ = {
			isa = PBXGroup;
			children = (
				CBD6E7BF2A54529700C3C602 /* DoeBeautyTests.swift */,
			);
			path = DoeBeautyTests;
			sourceTree = "<group>";
		};
		CBD6E7C82A54529700C3C602 /* DoeBeautyUITests */ = {
			isa = PBXGroup;
			children = (
				CBD6E7C92A54529700C3C602 /* DoeBeautyUITests.swift */,
				CBD6E7CB2A54529700C3C602 /* DoeBeautyUITestsLaunchTests.swift */,
			);
			path = DoeBeautyUITests;
			sourceTree = "<group>";
		};
		CBD6E7D82A5452B200C3C602 /* Model */ = {
			isa = PBXGroup;
			children = (
			);
			path = Model;
			sourceTree = "<group>";
		};
		CBD6E7D92A5452C400C3C602 /* View */ = {
			isa = PBXGroup;
			children = (
				CBD6E7AB2A54529300C3C602 /* Main.storyboard */,
				CBD6E7B32A54529700C3C602 /* LaunchScreen.storyboard */,
			);
			path = View;
			sourceTree = "<group>";
		};
		CBD6E7DA2A5452CE00C3C602 /* Controller */ = {
			isa = PBXGroup;
			children = (
				CB84528F2A5F573800D78D29 /* MainPageViewController.swift */,
				CB8452912A5F6A3500D78D29 /* HamburgerViewController.swift */,
				CBC574E02A8D0E5900F18DF2 /* AboutMeViewController.swift */,
				CBC574E22A8D131F00F18DF2 /* GalleryViewController.swift */,
				CBC574E62A8D298B00F18DF2 /* ContactMeViewController.swift */,
			);
			path = Controller;
			sourceTree = "<group>";
		};
		CBD6E7DB2A54531300C3C602 /* SupportingFiles */ = {
			isa = PBXGroup;
			children = (
				CBD6E7AE2A54529300C3C602 /* DoeBeauty.xcdatamodeld */,
				CBD6E7A52A54529300C3C602 /* AppDelegate.swift */,
				CBD6E7B12A54529700C3C602 /* Assets.xcassets */,
				CBD6E7A72A54529300C3C602 /* SceneDelegate.swift */,
			);
			path = SupportingFiles;
			sourceTree = "<group>";
		};
/* End PBXGroup section */

/* Begin PBXNativeTarget section */
		CBD6E7A12A54529300C3C602 /* DoeBeauty */ = {
			isa = PBXNativeTarget;
			buildConfigurationList = CBD6E7CF2A54529700C3C602 /* Build configuration list for PBXNativeTarget "DoeBeauty" */;
			buildPhases = (
				CBD6E79E2A54529300C3C602 /* Sources */,
				CBD6E79F2A54529300C3C602 /* Frameworks */,
				CBD6E7A02A54529300C3C602 /* Resources */,
			);
			buildRules = (
			);
			dependencies = (
			);
			name = DoeBeauty;
			productName = DoeBeauty;
			productReference = CBD6E7A22A54529300C3C602 /* DoeBeauty.app */;
			productType = "com.apple.product-type.application";
		};
		CBD6E7BA2A54529700C3C602 /* DoeBeautyTests */ = {
			isa = PBXNativeTarget;
			buildConfigurationList = CBD6E7D22A54529700C3C602 /* Build configuration list for PBXNativeTarget "DoeBeautyTests" */;
			buildPhases = (
				CBD6E7B72A54529700C3C602 /* Sources */,
				CBD6E7B82A54529700C3C602 /* Frameworks */,
				CBD6E7B92A54529700C3C602 /* Resources */,
			);
			buildRules = (
			);
			dependencies = (
				CBD6E7BD2A54529700C3C602 /* PBXTargetDependency */,
			);
			name = DoeBeautyTests;
			productName = DoeBeautyTests;
			productReference = CBD6E7BB2A54529700C3C602 /* DoeBeautyTests.xctest */;
			productType = "com.apple.product-type.bundle.unit-test";
		};
		CBD6E7C42A54529700C3C602 /* DoeBeautyUITests */ = {
			isa = PBXNativeTarget;
			buildConfigurationList = CBD6E7D52A54529700C3C602 /* Build configuration list for PBXNativeTarget "DoeBeautyUITests" */;
			buildPhases = (
				CBD6E7C12A54529700C3C602 /* Sources */,
				CBD6E7C22A54529700C3C602 /* Frameworks */,
				CBD6E7C32A54529700C3C602 /* Resources */,
			);
			buildRules = (
			);
			dependencies = (
				CBD6E7C72A54529700C3C602 /* PBXTargetDependency */,
			);
			name = DoeBeautyUITests;
			productName = DoeBeautyUITests;
			productReference = CBD6E7C52A54529700C3C602 /* DoeBeautyUITests.xctest */;
			productType = "com.apple.product-type.bundle.ui-testing";
		};
/* End PBXNativeTarget section */

/* Begin PBXProject section */
		CBD6E79A2A54529300C3C602 /* Project object */ = {
			isa = PBXProject;
			attributes = {
				BuildIndependentTargetsInParallel = 1;
				LastSwiftUpdateCheck = 1430;
				LastUpgradeCheck = 1430;
				TargetAttributes = {
					CBD6E7A12A54529300C3C602 = {
						CreatedOnToolsVersion = 14.3.1;
					};
					CBD6E7BA2A54529700C3C602 = {
						CreatedOnToolsVersion = 14.3.1;
						TestTargetID = CBD6E7A12A54529300C3C602;
					};
					CBD6E7C42A54529700C3C602 = {
						CreatedOnToolsVersion = 14.3.1;
						TestTargetID = CBD6E7A12A54529300C3C602;
					};
				};
			};
			buildConfigurationList = CBD6E79D2A54529300C3C602 /* Build configuration list for PBXProject "DoeBeauty" */;
			compatibilityVersion = "Xcode 14.0";
			developmentRegion = en;
			hasScannedForEncodings = 0;
			knownRegions = (
				en,
				Base,
			);
			mainGroup = CBD6E7992A54529300C3C602;
			productRefGroup = CBD6E7A32A54529300C3C602 /* Products */;
			projectDirPath = "";
			projectRoot = "";
			targets = (
				CBD6E7A12A54529300C3C602 /* DoeBeauty */,
				CBD6E7BA2A54529700C3C602 /* DoeBeautyTests */,
				CBD6E7C42A54529700C3C602 /* DoeBeautyUITests */,
			);
		};
/* End PBXProject section */

/* Begin PBXResourcesBuildPhase section */
		CBD6E7A02A54529300C3C602 /* Resources */ = {
			isa = PBXResourcesBuildPhase;
			buildActionMask = 2147483647;
			files = (
				CBD6E7B52A54529700C3C602 /* LaunchScreen.storyboard in Resources */,
				CBD6E7B22A54529700C3C602 /* Assets.xcassets in Resources */,
				CBD6E7AD2A54529300C3C602 /* Main.storyboard in Resources */,
			);
			runOnlyForDeploymentPostprocessing = 0;
		};
		CBD6E7B92A54529700C3C602 /* Resources */ = {
			isa = PBXResourcesBuildPhase;
			buildActionMask = 2147483647;
			files = (
			);
			runOnlyForDeploymentPostprocessing = 0;
		};
		CBD6E7C32A54529700C3C602 /* Resources */ = {
			isa = PBXResourcesBuildPhase;
			buildActionMask = 2147483647;
			files = (
			);
			runOnlyForDeploymentPostprocessing = 0;
		};
/* End PBXResourcesBuildPhase section */

/* Begin PBXSourcesBuildPhase section */
		CBD6E79E2A54529300C3C602 /* Sources */ = {
			isa = PBXSourcesBuildPhase;
			buildActionMask = 2147483647;
			files = (
				CB8452902A5F573800D78D29 /* MainPageViewController.swift in Sources */,
				CBC574E32A8D131F00F18DF2 /* GalleryViewController.swift in Sources */,
				CBD6E7B02A54529300C3C602 /* DoeBeauty.xcdatamodeld in Sources */,
				CBD6E7A62A54529300C3C602 /* AppDelegate.swift in Sources */,
				CB8452922A5F6A3500D78D29 /* HamburgerViewController.swift in Sources */,
				CBC574E72A8D298B00F18DF2 /* ContactMeViewController.swift in Sources */,
				CBC574E12A8D0E5A00F18DF2 /* AboutMeViewController.swift in Sources */,
				CBD6E7A82A54529300C3C602 /* SceneDelegate.swift in Sources */,
			);
			runOnlyForDeploymentPostprocessing = 0;
		};
		CBD6E7B72A54529700C3C602 /* Sources */ = {
			isa = PBXSourcesBuildPhase;
			buildActionMask = 2147483647;
			files = (
				CBD6E7C02A54529700C3C602 /* DoeBeautyTests.swift in Sources */,
			);
			runOnlyForDeploymentPostprocessing = 0;
		};
		CBD6E7C12A54529700C3C602 /* Sources */ = {
			isa = PBXSourcesBuildPhase;
			buildActionMask = 2147483647;
			files = (
				CBD6E7CA2A54529700C3C602 /* DoeBeautyUITests.swift in Sources */,
				CBD6E7CC2A54529700C3C602 /* DoeBeautyUITestsLaunchTests.swift in Sources */,
			);
			runOnlyForDeploymentPostprocessing = 0;
		};
/* End PBXSourcesBuildPhase section */

/* Begin PBXTargetDependency section */
		CBD6E7BD2A54529700C3C602 /* PBXTargetDependency */ = {
			isa = PBXTargetDependency;
			target = CBD6E7A12A54529300C3C602 /* DoeBeauty */;
			targetProxy = CBD6E7BC2A54529700C3C602 /* PBXContainerItemProxy */;
		};
		CBD6E7C72A54529700C3C602 /* PBXTargetDependency */ = {
			isa = PBXTargetDependency;
			target = CBD6E7A12A54529300C3C602 /* DoeBeauty */;
			targetProxy = CBD6E7C62A54529700C3C602 /* PBXContainerItemProxy */;
		};
/* End PBXTargetDependency section */

/* Begin PBXVariantGroup section */
		CBD6E7AB2A54529300C3C602 /* Main.storyboard */ = {
			isa = PBXVariantGroup;
			children = (
				CBD6E7AC2A54529300C3C602 /* Base */,
			);
			name = Main.storyboard;
			sourceTree = "<group>";
		};
		CBD6E7B32A54529700C3C602 /* LaunchScreen.storyboard */ = {
			isa = PBXVariantGroup;
			children = (
				CBD6E7B42A54529700C3C602 /* Base */,
			);
			name = LaunchScreen.storyboard;
			sourceTree = "<group>";
		};
/* End PBXVariantGroup section */

/* Begin XCBuildConfiguration section */
		CBD6E7CD2A54529700C3C602 /* Debug */ = {
			isa = XCBuildConfiguration;
			buildSettings = {
				ALWAYS_SEARCH_USER_PATHS = NO;
				CLANG_ANALYZER_NONNULL = YES;
				CLANG_ANALYZER_NUMBER_OBJECT_CONVERSION = YES_AGGRESSIVE;
				CLANG_CXX_LANGUAGE_STANDARD = "gnu++20";
				CLANG_ENABLE_MODULES = YES;
				CLANG_ENABLE_OBJC_ARC = YES;
				CLANG_ENABLE_OBJC_WEAK = YES;
				CLANG_WARN_BLOCK_CAPTURE_AUTORELEASING = YES;
				CLANG_WARN_BOOL_CONVERSION = YES;
				CLANG_WARN_COMMA = YES;
				CLANG_WARN_CONSTANT_CONVERSION = YES;
				CLANG_WARN_DEPRECATED_OBJC_IMPLEMENTATIONS = YES;
				CLANG_WARN_DIRECT_OBJC_ISA_USAGE = YES_ERROR;
				CLANG_WARN_DOCUMENTATION_COMMENTS = YES;
				CLANG_WARN_EMPTY_BODY = YES;
				CLANG_WARN_ENUM_CONVERSION = YES;
				CLANG_WARN_INFINITE_RECURSION = YES;
				CLANG_WARN_INT_CONVERSION = YES;
				CLANG_WARN_NON_LITERAL_NULL_CONVERSION = YES;
				CLANG_WARN_OBJC_IMPLICIT_RETAIN_SELF = YES;
				CLANG_WARN_OBJC_LITERAL_CONVERSION = YES;
				CLANG_WARN_OBJC_ROOT_CLASS = YES_ERROR;
				CLANG_WARN_QUOTED_INCLUDE_IN_FRAMEWORK_HEADER = YES;
				CLANG_WARN_RANGE_LOOP_ANALYSIS = YES;
				CLANG_WARN_STRICT_PROTOTYPES = YES;
				CLANG_WARN_SUSPICIOUS_MOVE = YES;
				CLANG_WARN_UNGUARDED_AVAILABILITY = YES_AGGRESSIVE;
				CLANG_WARN_UNREACHABLE_CODE = YES;
				CLANG_WARN__DUPLICATE_METHOD_MATCH = YES;
				COPY_PHASE_STRIP = NO;
				DEBUG_INFORMATION_FORMAT = dwarf;
				ENABLE_STRICT_OBJC_MSGSEND = YES;
				ENABLE_TESTABILITY = YES;
				GCC_C_LANGUAGE_STANDARD = gnu11;
				GCC_DYNAMIC_NO_PIC = NO;
				GCC_NO_COMMON_BLOCKS = YES;
				GCC_OPTIMIZATION_LEVEL = 0;
				GCC_PREPROCESSOR_DEFINITIONS = (
					"DEBUG=1",
					"$(inherited)",
				);
				GCC_WARN_64_TO_32_BIT_CONVERSION = YES;
				GCC_WARN_ABOUT_RETURN_TYPE = YES_ERROR;
				GCC_WARN_UNDECLARED_SELECTOR = YES;
				GCC_WARN_UNINITIALIZED_AUTOS = YES_AGGRESSIVE;
				GCC_WARN_UNUSED_FUNCTION = YES;
				GCC_WARN_UNUSED_VARIABLE = YES;
				IPHONEOS_DEPLOYMENT_TARGET = 16.4;
				MTL_ENABLE_DEBUG_INFO = INCLUDE_SOURCE;
				MTL_FAST_MATH = YES;
				ONLY_ACTIVE_ARCH = YES;
				SDKROOT = iphoneos;
				SWIFT_ACTIVE_COMPILATION_CONDITIONS = DEBUG;
				SWIFT_OPTIMIZATION_LEVEL = "-Onone";
			};
			name = Debug;
		};
		CBD6E7CE2A54529700C3C602 /* Release */ = {
			isa = XCBuildConfiguration;
			buildSettings = {
				ALWAYS_SEARCH_USER_PATHS = NO;
				CLANG_ANALYZER_NONNULL = YES;
				CLANG_ANALYZER_NUMBER_OBJECT_CONVERSION = YES_AGGRESSIVE;
				CLANG_CXX_LANGUAGE_STANDARD = "gnu++20";
				CLANG_ENABLE_MODULES = YES;
				CLANG_ENABLE_OBJC_ARC = YES;
				CLANG_ENABLE_OBJC_WEAK = YES;
				CLANG_WARN_BLOCK_CAPTURE_AUTORELEASING = YES;
				CLANG_WARN_BOOL_CONVERSION = YES;
				CLANG_WARN_COMMA = YES;
				CLANG_WARN_CONSTANT_CONVERSION = YES;
				CLANG_WARN_DEPRECATED_OBJC_IMPLEMENTATIONS = YES;
				CLANG_WARN_DIRECT_OBJC_ISA_USAGE = YES_ERROR;
				CLANG_WARN_DOCUMENTATION_COMMENTS = YES;
				CLANG_WARN_EMPTY_BODY = YES;
				CLANG_WARN_ENUM_CONVERSION = YES;
				CLANG_WARN_INFINITE_RECURSION = YES;
				CLANG_WARN_INT_CONVERSION = YES;
				CLANG_WARN_NON_LITERAL_NULL_CONVERSION = YES;
				CLANG_WARN_OBJC_IMPLICIT_RETAIN_SELF = YES;
				CLANG_WARN_OBJC_LITERAL_CONVERSION = YES;
				CLANG_WARN_OBJC_ROOT_CLASS = YES_ERROR;
				CLANG_WARN_QUOTED_INCLUDE_IN_FRAMEWORK_HEADER = YES;
				CLANG_WARN_RANGE_LOOP_ANALYSIS = YES;
				CLANG_WARN_STRICT_PROTOTYPES = YES;
				CLANG_WARN_SUSPICIOUS_MOVE = YES;
				CLANG_WARN_UNGUARDED_AVAILABILITY = YES_AGGRESSIVE;
				CLANG_WARN_UNREACHABLE_CODE = YES;
				CLANG_WARN__DUPLICATE_METHOD_MATCH = YES;
				COPY_PHASE_STRIP = NO;
				DEBUG_INFORMATION_FORMAT = "dwarf-with-dsym";
				ENABLE_NS_ASSERTIONS = NO;
				ENABLE_STRICT_OBJC_MSGSEND = YES;
				GCC_C_LANGUAGE_STANDARD = gnu11;
				GCC_NO_COMMON_BLOCKS = YES;
				GCC_WARN_64_TO_32_BIT_CONVERSION = YES;
				GCC_WARN_ABOUT_RETURN_TYPE = YES_ERROR;
				GCC_WARN_UNDECLARED_SELECTOR = YES;
				GCC_WARN_UNINITIALIZED_AUTOS = YES_AGGRESSIVE;
				GCC_WARN_UNUSED_FUNCTION = YES;
				GCC_WARN_UNUSED_VARIABLE = YES;
				IPHONEOS_DEPLOYMENT_TARGET = 16.4;
				MTL_ENABLE_DEBUG_INFO = NO;
				MTL_FAST_MATH = YES;
				SDKROOT = iphoneos;
				SWIFT_COMPILATION_MODE = wholemodule;
				SWIFT_OPTIMIZATION_LEVEL = "-O";
				VALIDATE_PRODUCT = YES;
			};
			name = Release;
		};
		CBD6E7D02A54529700C3C602 /* Debug */ = {
			isa = XCBuildConfiguration;
			buildSettings = {
				ASSETCATALOG_COMPILER_APPICON_NAME = AppIcon;
				ASSETCATALOG_COMPILER_GLOBAL_ACCENT_COLOR_NAME = AccentColor;
				CODE_SIGN_STYLE = Automatic;
				CURRENT_PROJECT_VERSION = 1;
				DEVELOPMENT_TEAM = 357SCH38Y3;
				GENERATE_INFOPLIST_FILE = YES;
				INFOPLIST_FILE = DoeBeauty/Info.plist;
				INFOPLIST_KEY_UIApplicationSupportsIndirectInputEvents = YES;
				INFOPLIST_KEY_UILaunchStoryboardName = LaunchScreen;
				INFOPLIST_KEY_UIMainStoryboardFile = Main;
				INFOPLIST_KEY_UISupportedInterfaceOrientations_iPad = "UIInterfaceOrientationPortrait UIInterfaceOrientationPortraitUpsideDown UIInterfaceOrientationLandscapeLeft UIInterfaceOrientationLandscapeRight";
				INFOPLIST_KEY_UISupportedInterfaceOrientations_iPhone = "UIInterfaceOrientationPortrait UIInterfaceOrientationLandscapeLeft UIInterfaceOrientationLandscapeRight";
				LD_RUNPATH_SEARCH_PATHS = (
					"$(inherited)",
					"@executable_path/Frameworks",
				);
				MARKETING_VERSION = 1.0;
				PRODUCT_BUNDLE_IDENTIFIER = com.PeyronyFlorian.DoeBeauty;
				PRODUCT_NAME = "$(TARGET_NAME)";
				SWIFT_EMIT_LOC_STRINGS = YES;
				SWIFT_VERSION = 5.0;
				TARGETED_DEVICE_FAMILY = "1,2";
			};
			name = Debug;
		};
		CBD6E7D12A54529700C3C602 /* Release */ = {
			isa = XCBuildConfiguration;
			buildSettings = {
				ASSETCATALOG_COMPILER_APPICON_NAME = AppIcon;
				ASSETCATALOG_COMPILER_GLOBAL_ACCENT_COLOR_NAME = AccentColor;
				CODE_SIGN_STYLE = Automatic;
				CURRENT_PROJECT_VERSION = 1;
				DEVELOPMENT_TEAM = 357SCH38Y3;
				GENERATE_INFOPLIST_FILE = YES;
				INFOPLIST_FILE = DoeBeauty/Info.plist;
				INFOPLIST_KEY_UIApplicationSupportsIndirectInputEvents = YES;
				INFOPLIST_KEY_UILaunchStoryboardName = LaunchScreen;
				INFOPLIST_KEY_UIMainStoryboardFile = Main;
				INFOPLIST_KEY_UISupportedInterfaceOrientations_iPad = "UIInterfaceOrientationPortrait UIInterfaceOrientationPortraitUpsideDown UIInterfaceOrientationLandscapeLeft UIInterfaceOrientationLandscapeRight";
				INFOPLIST_KEY_UISupportedInterfaceOrientations_iPhone = "UIInterfaceOrientationPortrait UIInterfaceOrientationLandscapeLeft UIInterfaceOrientationLandscapeRight";
				LD_RUNPATH_SEARCH_PATHS = (
					"$(inherited)",
					"@executable_path/Frameworks",
				);
				MARKETING_VERSION = 1.0;
				PRODUCT_BUNDLE_IDENTIFIER = com.PeyronyFlorian.DoeBeauty;
				PRODUCT_NAME = "$(TARGET_NAME)";
				SWIFT_EMIT_LOC_STRINGS = YES;
				SWIFT_VERSION = 5.0;
				TARGETED_DEVICE_FAMILY = "1,2";
			};
			name = Release;
		};
		CBD6E7D32A54529700C3C602 /* Debug */ = {
			isa = XCBuildConfiguration;
			buildSettings = {
				ALWAYS_EMBED_SWIFT_STANDARD_LIBRARIES = YES;
				BUNDLE_LOADER = "$(TEST_HOST)";
				CODE_SIGN_STYLE = Automatic;
				CURRENT_PROJECT_VERSION = 1;
				DEVELOPMENT_TEAM = 357SCH38Y3;
				GENERATE_INFOPLIST_FILE = YES;
				IPHONEOS_DEPLOYMENT_TARGET = 16.4;
				MARKETING_VERSION = 1.0;
				PRODUCT_BUNDLE_IDENTIFIER = com.PeyronyFlorian.DoeBeautyTests;
				PRODUCT_NAME = "$(TARGET_NAME)";
				SWIFT_EMIT_LOC_STRINGS = NO;
				SWIFT_VERSION = 5.0;
				TARGETED_DEVICE_FAMILY = "1,2";
				TEST_HOST = "$(BUILT_PRODUCTS_DIR)/DoeBeauty.app/$(BUNDLE_EXECUTABLE_FOLDER_PATH)/DoeBeauty";
			};
			name = Debug;
		};
		CBD6E7D42A54529700C3C602 /* Release */ = {
			isa = XCBuildConfiguration;
			buildSettings = {
				ALWAYS_EMBED_SWIFT_STANDARD_LIBRARIES = YES;
				BUNDLE_LOADER = "$(TEST_HOST)";
				CODE_SIGN_STYLE = Automatic;
				CURRENT_PROJECT_VERSION = 1;
				DEVELOPMENT_TEAM = 357SCH38Y3;
				GENERATE_INFOPLIST_FILE = YES;
				IPHONEOS_DEPLOYMENT_TARGET = 16.4;
				MARKETING_VERSION = 1.0;
				PRODUCT_BUNDLE_IDENTIFIER = com.PeyronyFlorian.DoeBeautyTests;
				PRODUCT_NAME = "$(TARGET_NAME)";
				SWIFT_EMIT_LOC_STRINGS = NO;
				SWIFT_VERSION = 5.0;
				TARGETED_DEVICE_FAMILY = "1,2";
				TEST_HOST = "$(BUILT_PRODUCTS_DIR)/DoeBeauty.app/$(BUNDLE_EXECUTABLE_FOLDER_PATH)/DoeBeauty";
			};
			name = Release;
		};
		CBD6E7D62A54529700C3C602 /* Debug */ = {
			isa = XCBuildConfiguration;
			buildSettings = {
				ALWAYS_EMBED_SWIFT_STANDARD_LIBRARIES = YES;
				CODE_SIGN_STYLE = Automatic;
				CURRENT_PROJECT_VERSION = 1;
				DEVELOPMENT_TEAM = 357SCH38Y3;
				GENERATE_INFOPLIST_FILE = YES;
				MARKETING_VERSION = 1.0;
				PRODUCT_BUNDLE_IDENTIFIER = com.PeyronyFlorian.DoeBeautyUITests;
				PRODUCT_NAME = "$(TARGET_NAME)";
				SWIFT_EMIT_LOC_STRINGS = NO;
				SWIFT_VERSION = 5.0;
				TARGETED_DEVICE_FAMILY = "1,2";
				TEST_TARGET_NAME = DoeBeauty;
			};
			name = Debug;
		};
		CBD6E7D72A54529700C3C602 /* Release */ = {
			isa = XCBuildConfiguration;
			buildSettings = {
				ALWAYS_EMBED_SWIFT_STANDARD_LIBRARIES = YES;
				CODE_SIGN_STYLE = Automatic;
				CURRENT_PROJECT_VERSION = 1;
				DEVELOPMENT_TEAM = 357SCH38Y3;
				GENERATE_INFOPLIST_FILE = YES;
				MARKETING_VERSION = 1.0;
				PRODUCT_BUNDLE_IDENTIFIER = com.PeyronyFlorian.DoeBeautyUITests;
				PRODUCT_NAME = "$(TARGET_NAME)";
				SWIFT_EMIT_LOC_STRINGS = NO;
				SWIFT_VERSION = 5.0;
				TARGETED_DEVICE_FAMILY = "1,2";
				TEST_TARGET_NAME = DoeBeauty;
			};
			name = Release;
		};
/* End XCBuildConfiguration section */

/* Begin XCConfigurationList section */
		CBD6E79D2A54529300C3C602 /* Build configuration list for PBXProject "DoeBeauty" */ = {
			isa = XCConfigurationList;
			buildConfigurations = (
				CBD6E7CD2A54529700C3C602 /* Debug */,
				CBD6E7CE2A54529700C3C602 /* Release */,
			);
			defaultConfigurationIsVisible = 0;
			defaultConfigurationName = Release;
		};
		CBD6E7CF2A54529700C3C602 /* Build configuration list for PBXNativeTarget "DoeBeauty" */ = {
			isa = XCConfigurationList;
			buildConfigurations = (
				CBD6E7D02A54529700C3C602 /* Debug */,
				CBD6E7D12A54529700C3C602 /* Release */,
			);
			defaultConfigurationIsVisible = 0;
			defaultConfigurationName = Release;
		};
		CBD6E7D22A54529700C3C602 /* Build configuration list for PBXNativeTarget "DoeBeautyTests" */ = {
			isa = XCConfigurationList;
			buildConfigurations = (
				CBD6E7D32A54529700C3C602 /* Debug */,
				CBD6E7D42A54529700C3C602 /* Release */,
			);
			defaultConfigurationIsVisible = 0;
			defaultConfigurationName = Release;
		};
		CBD6E7D52A54529700C3C602 /* Build configuration list for PBXNativeTarget "DoeBeautyUITests" */ = {
			isa = XCConfigurationList;
			buildConfigurations = (
				CBD6E7D62A54529700C3C602 /* Debug */,
				CBD6E7D72A54529700C3C602 /* Release */,
			);
			defaultConfigurationIsVisible = 0;
			defaultConfigurationName = Release;
		};
/* End XCConfigurationList section */

/* Begin XCVersionGroup section */
		CBD6E7AE2A54529300C3C602 /* DoeBeauty.xcdatamodeld */ = {
			isa = XCVersionGroup;
			children = (
				CBD6E7AF2A54529300C3C602 /* DoeBeauty.xcdatamodel */,
			);
			currentVersion = CBD6E7AF2A54529300C3C602 /* DoeBeauty.xcdatamodel */;
			path = DoeBeauty.xcdatamodeld;
			sourceTree = "<group>";
			versionGroupType = wrapper.xcdatamodel;
		};
/* End XCVersionGroup section */
	};
	rootObject = CBD6E79A2A54529300C3C602 /* Project object */;
}
